lockfileVersion: '9.0'

settings:
  autoInstallPeers: true
  excludeLinksFromLockfile: false

importers:

  .:
    dependencies:
      dotenv:
        specifier: ^18.0.2
        version: 18.0.2

packages:

  dotenv@18.0.2:
    resolution: {integrity: sha512-wl0U3CxC0iobaryqEKpFJxzyp4AxQFYAKj/WWszXZr87vVHLi2yJv2syax5Vxt+u02xqNgE277rsc3lOKg9sPg==}
    engines: {node: '>=12'}
    hasBin: true

snapshots:

  dotenv@18.0.2: {}
